
Microsoft Visual Studio Solution File, Format Version 12.00
# Visual Studio Version 16
VisualStudioVersion = 16.0.31112.23
MinimumVisualStudioVersion = 10.0.40219.1
Project("{FAE04EC0-301F-11D3-BF4B-00C04F79EFBC}") = "ms-usuarios", "ms-usuarios\ms-usuarios.csproj", "{52BB63ED-27AE-4F22-9C58-FCB534A7B8CF}"
EndProject
Global
	GlobalSection(SolutionConfigurationPlatforms) = preSolution
		Debug|Any CPU = Debug|Any CPU
		Release|Any CPU = Release|Any CPU
	EndGlobalSection
	GlobalSection(ProjectConfigurationPlatforms) = postSolution
		{52BB63ED-27AE-4F22-9C58-FCB534A7B8CF}.Debug|Any CPU.ActiveCfg = Debug|Any CPU
		{52BB63ED-27AE-4F22-9C58-FCB534A7B8CF}.Debug|Any CPU.Build.0 = Debug|Any CPU
		{52BB63ED-27AE-4F22-9C58-FCB534A7B8CF}.Release|Any CPU.ActiveCfg = Release|Any CPU
		{52BB63ED-27AE-4F22-9C58-FCB534A7B8CF}.Release|Any CPU.Build.0 = Release|Any CPU
	EndGlobalSection
	GlobalSection(SolutionProperties) = preSolution
		HideSolutionNode = FALSE
	EndGlobalSection
	GlobalSection(ExtensibilityGlobals) = postSolution
		SolutionGuid = {4BCF9C00-A082-42BC-AF05-5543DCD81162}
	EndGlobalSection
EndGlobal
